
Microsoft Visual Studio Solution File, Format Version 12.00
# Visual Studio Version 17
VisualStudioVersion = 17.2.32210.308
MinimumVisualStudioVersion = 10.0.40219.1
Project("{FAE04EC0-301F-11D3-BF4B-00C04F79EFBC}") = "Sample-Azwar", "Sample-Azwar.csproj", "{BE82D943-CC67-4253-80E7-5A909E69F226}"
EndProject
Project("{FAE04EC0-301F-11D3-BF4B-00C04F79EFBC}") = "Sample.Contracts", "..\Sample.Contracts\Sample.Contracts.csproj", "{3597BE84-0B03-47C2-B9BF-441B86E1C083}"
EndProject
Project("{FAE04EC0-301F-11D3-BF4B-00C04F79EFBC}") = "Sample.Components", "..\Sample.Components\Sample.Components.csproj", "{10E1FF87-6660-48E3-BB34-45BF68738222}"
EndProject
Global
	GlobalSection(SolutionConfigurationPlatforms) = preSolution
		Debug|Any CPU = Debug|Any CPU
		Release|Any CPU = Release|Any CPU
	EndGlobalSection
	GlobalSection(ProjectConfigurationPlatforms) = postSolution
		{BE82D943-CC67-4253-80E7-5A909E69F226}.Debug|Any CPU.ActiveCfg = Debug|Any CPU
		{BE82D943-CC67-4253-80E7-5A909E69F226}.Debug|Any CPU.Build.0 = Debug|Any CPU
		{BE82D943-CC67-4253-80E7-5A909E69F226}.Release|Any CPU.ActiveCfg = Release|Any CPU
		{BE82D943-CC67-4253-80E7-5A909E69F226}.Release|Any CPU.Build.0 = Release|Any CPU
		{3597BE84-0B03-47C2-B9BF-441B86E1C083}.Debug|Any CPU.ActiveCfg = Debug|Any CPU
		{3597BE84-0B03-47C2-B9BF-441B86E1C083}.Debug|Any CPU.Build.0 = Debug|Any CPU
		{3597BE84-0B03-47C2-B9BF-441B86E1C083}.Release|Any CPU.ActiveCfg = Release|Any CPU
		{3597BE84-0B03-47C2-B9BF-441B86E1C083}.Release|Any CPU.Build.0 = Release|Any CPU
		{10E1FF87-6660-48E3-BB34-45BF68738222}.Debug|Any CPU.ActiveCfg = Debug|Any CPU
		{10E1FF87-6660-48E3-BB34-45BF68738222}.Debug|Any CPU.Build.0 = Debug|Any CPU
		{10E1FF87-6660-48E3-BB34-45BF68738222}.Release|Any CPU.ActiveCfg = Release|Any CPU
		{10E1FF87-6660-48E3-BB34-45BF68738222}.Release|Any CPU.Build.0 = Release|Any CPU
	EndGlobalSection
	GlobalSection(SolutionProperties) = preSolution
		HideSolutionNode = FALSE
	EndGlobalSection
	GlobalSection(ExtensibilityGlobals) = postSolution
		SolutionGuid = {58B292D4-DB88-4C5F-AB16-A5814BF1E8FF}
	EndGlobalSection
EndGlobal
